github.com/BurntSushi/toml v1.6.0 h1:dRaEfpa2VI55EwlIW72hMRHdWouJeRF7TPYhI+AUQjk=
github.com/BurntSushi/toml v1.6.0/go.mod h1:ukJfTF/6rtPPRCnwkur4qwRxa8vTRFBF0uk2lLoLwho=
github.com/RaveNoX/go-jsoncommentstrip v1.0.0/go.mod h1:78ihd09MekBnJnxpICcwzCMzGrKSKYe4AqU6PDYYpjk=
github.com/apapsch/go-jsonmerge/v2 v2.0.0 h1:axGnT1gRIfimI7gJifB699GoE/oq+F2MU7Dml6nw9rQ=
github.com/apapsch/go-jsonmerge/v2 v2.0.0/go.mod h1:lvDnEdqiQrp0O42VQGgmlKpxL1AP2+08jFMw88y4klk=
github.com/bazelbuild/buildtools v0.0.0-20260716142318-04cf7de1434f h1:2mT6QcXmMFtvg7bezs1Fef7nnpJyeCmfWoWNjwtvNZ4=
github.com/bazelbuild/buildtools v0.0.0-20260716142318-04cf7de1434f/go.mod h1:PLNUetjLa77TCCziPsz0EI8a6CUxgC+1jgmWv0H25tg=
github.com/bmatcuk/doublestar v1.1.1/go.mod h1:UD6OnuiIn0yFxxA2le/rnRU1G4RaI4UvFv1sNto9p6w=
github.com/bmatcuk/doublestar/v4 v4.10.2 h1:eF7W7HWKg3z9NrWV9pTLnNeoXaqq3Tq9DNKXVMfoCnw=
github.com/bmatcuk/doublestar/v4 v4.10.2/go.mod h1:xBQ8jztBU6kakFMg+8WGxn0c6z1fTSPVIjEY1Wr7jzc=
github.com/davecgh/go-spew v1.1.0/go.mod h1:J7Y8YcW2NihsgmVo/mv3lAwl/skON4iLHjSsI+c5H38=
github.com/davecgh/go-spew v1.1.1 h1:vj9j/u1bqnvCEfJOwUhtlOARqs3+rkHYY13jYWTU97c=
github.com/davecgh/go-spew v1.1.1/go.mod h1:J7Y8YcW2NihsgmVo/mv3lAwl/skON4iLHjSsI+c5H38=
github.com/ecosyste-ms/ecosystems-go v0.5.0 h1:qZqgar3Do9RrtW327OXlsrGKiRvNdeX8CmXb1aX4Njo=
github.com/ecosyste-ms/ecosystems-go v0.5.0/go.mod h1:IhsYBZfxkofxya0O1O2DlhDt281utWJ6VQO0mPVb99I=
github.com/git-pkgs/archives v0.8.1 h1:IcT1bVsAec8SqJ4m9vTnD644KiadQZ4ERrWnm/30t3o=
github.com/git-pkgs/archives v0.8.1/go.mod h1:gIyPXPQr5e+YrMqA5KQ7x6pLrFXHNF1+CjdedNJdGUU=
github.com/git-pkgs/citation v0.1.0 h1:0toQBjxVOtaUsxRtcDJL9uZ6SYFb6IgbHgKpTpP0cv0=
github.com/git-pkgs/citation v0.1.0/go.mod h1:4vrS78/jjHeusS+eozjP/d3pX2NogEi1R/7gLVqkgqs=
github.com/git-pkgs/clone v0.7.5 h1:4wPOTqdYbCooV4MldaIkQxJIa+Z3rJkVFMXJCWNw19c=
github.com/git-pkgs/clone v0.7.5/go.mod h1:M1WCGotU8+AFYY4xCiF+m6m6VGRQwdSIlMEVeiMnWZE=
github.com/git-pkgs/codemeta v0.3.0 h1:zkWndmquCv2tPIHCHb+JXx3eKjmxRoD48f4/3sNAlGw=
github.com/git-pkgs/codemeta v0.3.0/go.mod h1:R1vGXVohTa22vVKaV3/8xVs3+tcgvqc4ziaMikdXc/I=
github.com/git-pkgs/enrichment v0.7.2 h1:flD/M89HxkOegUi6tC8EOspFiIMsl7m0o576IQKOp48=
github.com/git-pkgs/enrichment v0.7.2/go.mod h1:xGyc/iz7u1UnbrOHk8lIX5ZaNF3mKFDEZc3VqBJ/LOk=
github.com/git-pkgs/forge v0.10.1 h1:xuR5U63u7mo3uEDWZwwyr6pXnviejrss3D9He/eGD+M=
github.com/git-pkgs/forge v0.10.1/go.mod h1:bVXtYNMFoXxIuN837/Ru5sJxDU7VlRWkl4X890vQCAU=
github.com/git-pkgs/gitignore v1.3.0 h1:/lcTRp3QYzZDG1CyCLBZO2gxMb6oQWC5EnttSQg4zmU=
github.com/git-pkgs/gitignore v1.3.0/go.mod h1:zleLGZ4PhQrUXrJSsVQWKoeEllEjJH49+DjyKpzIFPM=
github.com/git-pkgs/licensecheck v0.4.1 h1:b5ilmpIpgeeewBFjdhJ4W7jvwPIFsYQ7ujZma7sli6k=
github.com/git-pkgs/licensecheck v0.4.1/go.mod h1:cfFO7yHHPeuXsoODHBWyevajH2yWcbfkIFELyG3ZpU0=
github.com/git-pkgs/magic v0.5.0 h1:Pm+4fkHR+K6kg9pwJM4hnwWUuBlkYdLmF1yIAI8lU9Q=
github.com/git-pkgs/magic v0.5.0/go.mod h1:SXOqcsNmbmpZjJZHEEWnwxprbsFvpwWgTAZrgXp4Jm4=
github.com/git-pkgs/manifests v0.12.3 h1:6lhpuQYOT10jDVkD1TdAvIZ9lBIKYWL+7tBLIux8Bp0=
github.com/git-pkgs/manifests v0.12.3/go.mod h1:jz0Vpic/FUdGHB8FZYGgYobjyH0LLpYONt6F0rzfzVU=
github.com/git-pkgs/outline v0.2.3 h1:sTCk4pjEwASQ7wYmqPBQLXMcPxZDEx9/VlmjtcGLd+Q=
github.com/git-pkgs/outline v0.2.3/go.mod h1:lHC7bzvHlXAdsuQZODQ63+wCVkmhk4D7z/1r8YRRuok=
github.com/git-pkgs/pom v0.1.8 h1:mXCuWw6XkrKKZb6IurRZyIznYLPhV5AYg5ZO38Uj/l8=
github.com/git-pkgs/pom v0.1.8/go.mod h1:sQBeYRzjCUn77fcABPn6I/a1aBHFxm55jTmkNxYtGtw=
github.com/git-pkgs/purl v0.1.21 h1:PDZUX43lxIiXPn2eHcsNiiiwQo+HajntZ/4TwSvCGlw=
github.com/git-pkgs/purl v0.1.21/go.mod h1:4dOmris48ehjiKmWBqSmMHguUQht48BLeXW+hQUnuj0=
github.com/git-pkgs/registries v0.9.3 h1:nXIP//6kVqLKqYXOWhEMoWUkJPDAZYVLRUYfHz3jM2Y=
github.com/git-pkgs/registries v0.9.3/go.mod h1:BpXlfRCfu4S5bTzm7u7igppVu94mXgll/PENe0AjKmI=
github.com/git-pkgs/roles v0.1.3 h1:BkXoBFg0/4szCvBes8mD+UApRe1jITaZ/4bs+XtRxdw=
github.com/git-pkgs/roles v0.1.3/go.mod h1:USQTDlh22S7jNyAxU5SwtMfXjbX0lyJpVsGLTccyYis=
github.com/git-pkgs/spdx v0.3.3 h1:xXlUoZzjDSkwxC6mWHfaW+kc8a0+LH6d+gGHuZWftqI=
github.com/git-pkgs/spdx v0.3.3/go.mod h1:n9rAicgw+Wqtfursju6oKaAL6cUCTiIS926mb1KWoKU=
github.com/git-pkgs/vers v0.7.2 h1:Ctex1O+Ai/FONmyDaw37EolBXg0og6UdxbCjjYbeRHs=
github.com/git-pkgs/vers v0.7.2/go.mod h1:ofLiBpPNkQmC0LB1k0zmN1gCv7Hi3MiZx8WtmWZ4A9A=
github.com/git-pkgs/vulns v0.2.4 h1:QnsQg9sWUfM8ZzA7A/1LSl8DJ/0/6Yrm7vfRwkpyXUY=
github.com/git-pkgs/vulns v0.2.4/go.mod h1:csd+UWvmYWVVAkka7FNbyz840/1R3QXS7LwD2Irsf4Q=
github.com/github/go-spdx/v2 v2.7.0 h1:GzfXx4wFdlilARxmFRXW/mgUy3A4vSqZocCMFV6XFdQ=
github.com/github/go-spdx/v2 v2.7.0/go.mod h1:Ftc45YYG1WzpzwEPKRVm9Jv8vDqOrN4gWoCkK+bHer0=
github.com/google/uuid v1.6.0 h1:NIvaJDMOsjHA8n1jAhLSgzrAzy1Hgr+hNrb57e+94F0=
github.com/google/uuid v1.6.0/go.mod h1:TIyPZe4MgqvfeYDBFedMoGGpEw/LqOeaOT+nhxU+yHo=
github.com/juju/gnuflag v0.0.0-20171113085948-2ce1bb71843d/go.mod h1:2PavIy+JPciBPrBUjwbNvtwB6RQlve+hkpll6QSNmOE=
github.com/klauspost/compress v1.20.1 h1:T7kKElXUMXrUJ2E9QhQhxFtcK5rPyLdsGZvdbLMPdiQ=
github.com/klauspost/compress v1.20.1/go.mod h1:LUdAzn7YLVvxLpc7y3V1m40wESHTgc1422pwwBSKYuI=
github.com/oapi-codegen/nullable v1.2.0 h1:VflFkDW980KhBPiFF7nWSyjg+r4Obqj8lXipV0UkP5w=
github.com/oapi-codegen/nullable v1.2.0/go.mod h1:KUZ3vUzkmEKY90ksAmit2+5juDIhIZhfDl+0PwOQlFY=
github.com/oapi-codegen/runtime v1.7.0 h1:t7358VYPvNbWJ9gdAkIK/smVeHpBf6yp8VTsaZsb/7k=
github.com/oapi-codegen/runtime v1.7.0/go.mod h1:GwV7hC2hviaMzj+ITfHVRESK5J2W/GefVwIND/bMGvU=
github.com/odvcencio/gotreesitter v0.53.0 h1:VWoixJYMb01xde2BSXejzMmvLagj8B01sOSqNUUqsfA=
github.com/odvcencio/gotreesitter v0.53.0/go.mod h1:hBVkghd0paaYAVwd2087vfwdeU984bQbMo9LvpE0moo=
github.com/package-url/packageurl-go v0.1.7 h1:iFWg6tzAjLA6F/qX3M5nZaiMHJgc+p2zxVyr/fY+sZY=
github.com/package-url/packageurl-go v0.1.7/go.mod h1:nKAWB8E6uk1MHqiS/lQb9pYBGH2+mdJ2PJc2s50dQY0=
github.com/pandatix/go-cvss v0.6.4 h1:9w2RCO/Q4UTiJyEgpCHRiVc6CfrsFEnkoX+OtATqKio=
github.com/pandatix/go-cvss v0.6.4/go.mod h1:/ukvQnYlrKl3o/DVp7/GO2UZyZheuo/maOK0U1nBEhQ=
github.com/pmezard/go-difflib v1.0.0 h1:4DBwDE0NGyQoBHbLQYPwSUPoCMWR5BEzIk/f1lZbAQM=
github.com/pmezard/go-difflib v1.0.0/go.mod h1:iKH77koFhYxTK1pcRnkKkqfTogsbg7gZNVY4sRDYZ/4=
github.com/spkg/bom v0.0.0-20160624110644-59b7046e48ad/go.mod h1:qLr4V1qq6nMqFKkMo8ZTx3f+BZEkzsRUY10Xsm2mwU0=
github.com/stretchr/objx v0.1.0/go.mod h1:HFkY916IF+rwdDfMAkV7OtwuqBVzrE8GR6GFx+wExME=
github.com/stretchr/testify v1.3.0/go.mod h1:M5WIy9Dh21IEIfnGCwXGc5bZfKNJtfHm1UVUgZn+9EI=
github.com/stretchr/testify v1.11.1 h1:7s2iGBzp5EwR7/aIZr8ao5+dra3wiQyKjjFuvgVKu7U=
github.com/stretchr/testify v1.11.1/go.mod h1:wZwfW3scLgRK+23gO65QZefKpKQRnfz6sD981Nm4B6U=
github.com/ulikunitz/xz v0.5.17 h1:flR0y/x1hgM8EGV1AW3Xll6T413G0glV8UfBwR617V4=
github.com/ulikunitz/xz v0.5.17/go.mod h1:H9Rt/W6/Qj27PGauhQc6nfCDy7vHpzsOThBSaYDoEhw=
go.yaml.in/yaml/v3 v3.0.5 h1:N6y/pJk8buWs9NY5ERU2HSMfm+IuD/OtfdAnq6kESPw=
go.yaml.in/yaml/v3 v3.0.5/go.mod h1:HVTZu1O7/Vkt2N+BFy8Zza+lnLsABggaTM2ZpNIGuKg=
golang.org/x/sys v0.48.0 h1:bbX/i/6MgT9BVLM9RT1thmxL04yeTAhbEz4SyadbXoo=
golang.org/x/sys v0.48.0/go.mod h1:hNLxWAXmnKAxqDtdwIYC4bM9oQPEecfsnNMuSxOs3og=
golang.org/x/term v0.46.0 h1:3+OXuTbaKDgwk8jTi3aSLHRlmWqHEUDUtxnbFigO4YE=
golang.org/x/term v0.46.0/go.mod h1:+K02xbkittuwc0Am4abfA3Fc+XRGXkvBXNO88NCXPoc=
gopkg.in/yaml.v3 v3.0.1 h1:fxVm/GzAzEWqLHuvctI91KS9hhNmmWOoWu0XTYJS7CA=
gopkg.in/yaml.v3 v3.0.1/go.mod h1:K4uyk7z7BCEPqu6E+C64Yfv1cQ7kz7rIZviUmN+EgEM=
