github.com/BurntSushi/toml v1.6.0 h1:dRaEfpa2VI55EwlIW72hMRHdWouJeRF7TPYhI+AUQjk=
github.com/BurntSushi/toml v1.6.0/go.mod h1:ukJfTF/6rtPPRCnwkur4qwRxa8vTRFBF0uk2lLoLwho=
github.com/bazelbuild/buildtools v0.0.0-20260211083412-859bfffeef82 h1:PmoVmwzAnGb0iCjulb7Mgsaqw2Wj36LQJ8VyYaFe/ak=
github.com/bazelbuild/buildtools v0.0.0-20260211083412-859bfffeef82/go.mod h1:PLNUetjLa77TCCziPsz0EI8a6CUxgC+1jgmWv0H25tg=
github.com/git-pkgs/manifests v0.4.2 h1:1G2j/txj7bhLuXTD0bBNYmC2TOJT9fIKXs0UzvtJvgU=
github.com/git-pkgs/manifests v0.4.2/go.mod h1:JJMFbR3XU+jNK0ZUtB0MPapquYTW8wbXDZBGjUv23q8=
github.com/git-pkgs/packageurl-go v0.3.1 h1:WM3RBABQZLaRBxgKyYughc3cVBE8KyQxbSC6Jt5ak7M=
github.com/git-pkgs/packageurl-go v0.3.1/go.mod h1:rcIxiG37BlQLB6FZfgdj9Fm7yjhRQd3l+5o7J0QPAk4=
github.com/git-pkgs/purl v0.1.9 h1:zSHKBVwRTJiMGwiYIiHgoIUfJTdtC7kVQ0+0RHckwxc=
github.com/git-pkgs/purl v0.1.9/go.mod h1:6YX25yhztts1Byktw4pOlykru57GOJaanA+WmOBFtdU=
github.com/git-pkgs/spdx v0.1.1 h1:jjchxLhvTnTR7fLcdXdNVDh/tLq6B2S6LnaKEzBjhRQ=
github.com/git-pkgs/spdx v0.1.1/go.mod h1:nbZdJ09OuZg9/bgRnnyEM5F5uR8K7Iwf5oDHQvK3WcE=
github.com/git-pkgs/vers v0.2.3 h1:elyuJZ2mBRIncRUF6SjpnwIwSuRRnPdAEJBZcVgU450=
github.com/git-pkgs/vers v0.2.3/go.mod h1:biTbSQK1qdbrsxDEKnqe3Jzclxz8vW6uDcwKjfUGcOo=
github.com/github/go-spdx/v2 v2.4.0 h1:+4IwVwJJbm3rzvrQ6P1nI9BDMcy3la4RchRy5uehV/M=
github.com/github/go-spdx/v2 v2.4.0/go.mod h1:/5rwgS0txhGtRdUZwc02bTglzg6HK3FfuEbECKlK2Sg=
golang.org/x/sys v0.42.0 h1:omrd2nAlyT5ESRdCLYdm3+fMfNFE/+Rf4bDIQImRJeo=
golang.org/x/sys v0.42.0/go.mod h1:4GL1E5IUh+htKOUEOaiffhrAeqysfVGipDYzABqnCmw=
golang.org/x/term v0.41.0 h1:QCgPso/Q3RTJx2Th4bDLqML4W6iJiaXFq2/ftQF13YU=
golang.org/x/term v0.41.0/go.mod h1:3pfBgksrReYfZ5lvYM0kSO0LIkAl4Yl2bXOkKP7Ec2A=
gopkg.in/check.v1 v0.0.0-20161208181325-20d25e280405/go.mod h1:Co6ibVJAznAaIkqp8huTwlJQCZ016jof/cbN4VW5Yz0=
gopkg.in/yaml.v3 v3.0.1 h1:fxVm/GzAzEWqLHuvctI91KS9hhNmmWOoWu0XTYJS7CA=
gopkg.in/yaml.v3 v3.0.1/go.mod h1:K4uyk7z7BCEPqu6E+C64Yfv1cQ7kz7rIZviUmN+EgEM=
